<?xml version="1.0" encoding="utf-8"?>
<Project ToolsVersion="4.0" xmlns="http://schemas.microsoft.com/developer/msbuild/2003">
  <ItemGroup>
    <Filter Include="Source Files">
      <UniqueIdentifier>{4FC737F1-C7A5-4376-A066-2A32D752A2FF}</UniqueIdentifier>
      <Extensions>cpp;c;cc;cxx;def;odl;idl;hpj;bat;asm;asmx</Extensions>
    </Filter>
    <Filter Include="Header Files">
      <UniqueIdentifier>{93995380-89BD-4b04-88EB-625FBE52EBFB}</UniqueIdentifier>
      <Extensions>h;hh;hpp;hxx;hm;inl;inc;ipp;xsd</Extensions>
    </Filter>
    <Filter Include="Resource Files">
      <UniqueIdentifier>{67DA6AB6-F800-4c08-8B7A-83BB121AAD01}</UniqueIdentifier>
      <Extensions>rc;ico;cur;bmp;dlg;rc2;rct;bin;rgs;gif;jpg;jpeg;jpe;resx;tiff;tif;png;wav;mfcribbon-ms</Extensions>
    </Filter>
  </ItemGroup>
  <ItemGroup>
    <ClInclude Include="BmpFileShelter.h">
      <Filter>Header Files</Filter>
    </ClInclude>
    <ClInclude Include="BmpFileShelterDlg.h">
      <Filter>Header Files</Filter>
    </ClInclude>
    <ClInclude Include="stdafx.h">
      <Filter>Header Files</Filter>
    </ClInclude>
    <ClInclude Include="targetver.h">
      <Filter>Header Files</Filter>
    </ClInclude>
    <ClInclude Include="Resource.h">
      <Filter>Header Files</Filter>
    </ClInclude>
    <ClInclude Include="CBmpFileShelterHelper.h">
      <Filter>Header Files</Filter>
    </ClInclude>
    <ClInclude Include="CMyImage.h">
      <Filter>Header Files</Filter>
    </ClInclude>
    <ClInclude Include="CMyFileEncryptor.h">
      <Filter>Header Files</Filter>
    </ClInclude>
    <ClInclude Include="CMyByteLCG.h">
      <Filter>Header Files</Filter>
    </ClInclude>
    <ClInclude Include="CMyLCG.h">
      <Filter>Header Files</Filter>
    </ClInclude>
  </ItemGroup>
  <ItemGroup>
    <ClCompile Include="BmpFileShelter.cpp">
      <Filter>Source Files</Filter>
    </ClCompile>
    <ClCompile Include="BmpFileShelterDlg.cpp">
      <Filter>Source Files</Filter>
    </ClCompile>
    <ClCompile Include="stdafx.cpp">
      <Filter>Source Files</Filter>
    </ClCompile>
    <ClCompile Include="CBmpFileShelterHelper.cpp">
      <Filter>Source Files</Filter>
    </ClCompile>
    <ClCompile Include="CMyImage.cpp">
      <Filter>Source Files</Filter>
    </ClCompile>
    <ClCompile Include="CMyFileEncryptor.cpp">
      <Filter>Source Files</Filter>
    </ClCompile>
    <ClCompile Include="CMyByteLCG.cpp">
      <Filter>Source Files</Filter>
    </ClCompile>
    <ClCompile Include="CMyLCG.cpp">
      <Filter>Source Files</Filter>
    </ClCompile>
  </ItemGroup>
  <ItemGroup>
    <ResourceCompile Include="BmpFileShelter.rc">
      <Filter>Resource Files</Filter>
    </ResourceCompile>
  </ItemGroup>
  <ItemGroup>
    <None Include="res\BmpFileShelter.rc2">
      <Filter>Resource Files</Filter>
    </None>
  </ItemGroup>
  <ItemGroup>
    <Image Include="res\BmpFileShelter.ico">
      <Filter>Resource Files</Filter>
    </Image>
  </ItemGroup>
</Project>